
Microsoft Visual Studio Solution File, Format Version 12.00
# Visual Studio Version 17
VisualStudioVersion = 17.6.33712.159
MinimumVisualStudioVersion = 10.0.40219.1
Project("{9A19103F-16F7-4668-BE54-9A1E7A4F7556}") = "Grocery-Management.Api", "Grocery-Management.Api\Grocery-Management.Api.csproj", "{8687F97A-F183-4F98-9014-D4C6FB11D059}"
EndProject
Project("{9A19103F-16F7-4668-BE54-9A1E7A4F7556}") = "DLL", "DLL\DLL.csproj", "{4F356B43-20E1-4589-BD00-55D93B9BB9B5}"
EndProject
Project("{9A19103F-16F7-4668-BE54-9A1E7A4F7556}") = "BLL", "BLL\BLL.csproj", "{AF2129B3-2218-4A94-B4B9-8F879257DD91}"
EndProject
Project("{FAE04EC0-301F-11D3-BF4B-00C04F79EFBC}") = "Utility", "Utility\Utility.csproj", "{427E9FE7-00D7-4F88-B107-EFC86D4763E9}"
EndProject
Global
	GlobalSection(SolutionConfigurationPlatforms) = preSolution
		Debug|Any CPU = Debug|Any CPU
		Release|Any CPU = Release|Any CPU
	EndGlobalSection
	GlobalSection(ProjectConfigurationPlatforms) = postSolution
		{8687F97A-F183-4F98-9014-D4C6FB11D059}.Debug|Any CPU.ActiveCfg = Debug|Any CPU
		{8687F97A-F183-4F98-9014-D4C6FB11D059}.Debug|Any CPU.Build.0 = Debug|Any CPU
		{8687F97A-F183-4F98-9014-D4C6FB11D059}.Release|Any CPU.ActiveCfg = Release|Any CPU
		{8687F97A-F183-4F98-9014-D4C6FB11D059}.Release|Any CPU.Build.0 = Release|Any CPU
		{4F356B43-20E1-4589-BD00-55D93B9BB9B5}.Debug|Any CPU.ActiveCfg = Debug|Any CPU
		{4F356B43-20E1-4589-BD00-55D93B9BB9B5}.Debug|Any CPU.Build.0 = Debug|Any CPU
		{4F356B43-20E1-4589-BD00-55D93B9BB9B5}.Release|Any CPU.ActiveCfg = Release|Any CPU
		{4F356B43-20E1-4589-BD00-55D93B9BB9B5}.Release|Any CPU.Build.0 = Release|Any CPU
		{AF2129B3-2218-4A94-B4B9-8F879257DD91}.Debug|Any CPU.ActiveCfg = Debug|Any CPU
		{AF2129B3-2218-4A94-B4B9-8F879257DD91}.Debug|Any CPU.Build.0 = Debug|Any CPU
		{AF2129B3-2218-4A94-B4B9-8F879257DD91}.Release|Any CPU.ActiveCfg = Release|Any CPU
		{AF2129B3-2218-4A94-B4B9-8F879257DD91}.Release|Any CPU.Build.0 = Release|Any CPU
		{427E9FE7-00D7-4F88-B107-EFC86D4763E9}.Debug|Any CPU.ActiveCfg = Debug|Any CPU
		{427E9FE7-00D7-4F88-B107-EFC86D4763E9}.Debug|Any CPU.Build.0 = Debug|Any CPU
		{427E9FE7-00D7-4F88-B107-EFC86D4763E9}.Release|Any CPU.ActiveCfg = Release|Any CPU
		{427E9FE7-00D7-4F88-B107-EFC86D4763E9}.Release|Any CPU.Build.0 = Release|Any CPU
	EndGlobalSection
	GlobalSection(SolutionProperties) = preSolution
		HideSolutionNode = FALSE
	EndGlobalSection
	GlobalSection(ExtensibilityGlobals) = postSolution
		SolutionGuid = {4D8DEFBC-CBFE-42EF-AEA8-04BD8A934547}
	EndGlobalSection
EndGlobal
